
Microsoft Visual Studio Solution File, Format Version 12.00
# Visual Studio Version 17
VisualStudioVersion = 17.1.32319.34
MinimumVisualStudioVersion = 10.0.40219.1
Project("{9A19103F-16F7-4668-BE54-9A1E7A4F7556}") = "TestingAPIversion1", "TestingAPIversion1\TestingAPIversion1.csproj", "{78C2C23D-B360-4365-823B-3AA22182069A}"
EndProject
Project("{9A19103F-16F7-4668-BE54-9A1E7A4F7556}") = "TestingAPIDatabases", "TestingAPIDatabases\TestingAPIDatabases.csproj", "{4065B6AC-8203-4B7E-A9F1-6E6BFFABB8B5}"
EndProject
Project("{FAE04EC0-301F-11D3-BF4B-00C04F79EFBC}") = "ClassLibrary", "ClassLibrary\ClassLibrary.csproj", "{4F8F81A9-6D9B-43F1-A7D1-A6DCCD1A0DBB}"
EndProject
Global
	GlobalSection(SolutionConfigurationPlatforms) = preSolution
		Debug|Any CPU = Debug|Any CPU
		Release|Any CPU = Release|Any CPU
	EndGlobalSection
	GlobalSection(ProjectConfigurationPlatforms) = postSolution
		{78C2C23D-B360-4365-823B-3AA22182069A}.Debug|Any CPU.ActiveCfg = Debug|Any CPU
		{78C2C23D-B360-4365-823B-3AA22182069A}.Debug|Any CPU.Build.0 = Debug|Any CPU
		{78C2C23D-B360-4365-823B-3AA22182069A}.Release|Any CPU.ActiveCfg = Release|Any CPU
		{78C2C23D-B360-4365-823B-3AA22182069A}.Release|Any CPU.Build.0 = Release|Any CPU
		{4065B6AC-8203-4B7E-A9F1-6E6BFFABB8B5}.Debug|Any CPU.ActiveCfg = Debug|Any CPU
		{4065B6AC-8203-4B7E-A9F1-6E6BFFABB8B5}.Debug|Any CPU.Build.0 = Debug|Any CPU
		{4065B6AC-8203-4B7E-A9F1-6E6BFFABB8B5}.Release|Any CPU.ActiveCfg = Release|Any CPU
		{4065B6AC-8203-4B7E-A9F1-6E6BFFABB8B5}.Release|Any CPU.Build.0 = Release|Any CPU
		{4F8F81A9-6D9B-43F1-A7D1-A6DCCD1A0DBB}.Debug|Any CPU.ActiveCfg = Debug|Any CPU
		{4F8F81A9-6D9B-43F1-A7D1-A6DCCD1A0DBB}.Debug|Any CPU.Build.0 = Debug|Any CPU
		{4F8F81A9-6D9B-43F1-A7D1-A6DCCD1A0DBB}.Release|Any CPU.ActiveCfg = Release|Any CPU
		{4F8F81A9-6D9B-43F1-A7D1-A6DCCD1A0DBB}.Release|Any CPU.Build.0 = Release|Any CPU
	EndGlobalSection
	GlobalSection(SolutionProperties) = preSolution
		HideSolutionNode = FALSE
	EndGlobalSection
	GlobalSection(ExtensibilityGlobals) = postSolution
		SolutionGuid = {4F71C695-4805-4095-8D8E-C1A07741991C}
	EndGlobalSection
EndGlobal
