
Microsoft Visual Studio Solution File, Format Version 12.00
# Visual Studio Version 17
VisualStudioVersion = 17.1.32319.34
MinimumVisualStudioVersion = 10.0.40219.1
Project("{FAE04EC0-301F-11D3-BF4B-00C04F79EFBC}") = "WordLookUp", "WordLookUp\WordLookUp.csproj", "{BEDB24DF-FC82-43A2-90E9-022F2129D91B}"
EndProject
Global
	GlobalSection(SolutionConfigurationPlatforms) = preSolution
		Debug|Any CPU = Debug|Any CPU
		Release|Any CPU = Release|Any CPU
	EndGlobalSection
	GlobalSection(ProjectConfigurationPlatforms) = postSolution
		{BEDB24DF-FC82-43A2-90E9-022F2129D91B}.Debug|Any CPU.ActiveCfg = Debug|Any CPU
		{BEDB24DF-FC82-43A2-90E9-022F2129D91B}.Debug|Any CPU.Build.0 = Debug|Any CPU
		{BEDB24DF-FC82-43A2-90E9-022F2129D91B}.Release|Any CPU.ActiveCfg = Release|Any CPU
		{BEDB24DF-FC82-43A2-90E9-022F2129D91B}.Release|Any CPU.Build.0 = Release|Any CPU
	EndGlobalSection
	GlobalSection(SolutionProperties) = preSolution
		HideSolutionNode = FALSE
	EndGlobalSection
	GlobalSection(ExtensibilityGlobals) = postSolution
		SolutionGuid = {D65AE558-0DD2-492E-8ABA-B7E92B043AAA}
	EndGlobalSection
EndGlobal
