
Microsoft Visual Studio Solution File, Format Version 12.00
# Visual Studio Version 17
VisualStudioVersion = 17.1.32319.34
MinimumVisualStudioVersion = 10.0.40219.1
Project("{9A19103F-16F7-4668-BE54-9A1E7A4F7556}") = "ProjectZero", "ProjectZero\ProjectZero.csproj", "{87D74DE0-1184-43C4-8304-BC487224E002}"
EndProject
Project("{9A19103F-16F7-4668-BE54-9A1E7A4F7556}") = "ProjectZero.Test", "ProjectZero.Test\ProjectZero.Test.csproj", "{D3B554CA-0091-41F1-BAA8-69F612D30EAC}"
EndProject
Project("{FAE04EC0-301F-11D3-BF4B-00C04F79EFBC}") = "ProjectZero.Classes", "ProjectZero.Classes\ProjectZero.Classes.csproj", "{C707BA4B-E859-4783-ADA9-F951C1ADB182}"
EndProject
Project("{FAE04EC0-301F-11D3-BF4B-00C04F79EFBC}") = "ProjectZero.Database", "Store.Database\ProjectZero.Database.csproj", "{BC8AD784-F456-4717-86E5-293CC311B5E4}"
EndProject
Global
	GlobalSection(SolutionConfigurationPlatforms) = preSolution
		Debug|Any CPU = Debug|Any CPU
		Release|Any CPU = Release|Any CPU
	EndGlobalSection
	GlobalSection(ProjectConfigurationPlatforms) = postSolution
		{87D74DE0-1184-43C4-8304-BC487224E002}.Debug|Any CPU.ActiveCfg = Debug|Any CPU
		{87D74DE0-1184-43C4-8304-BC487224E002}.Debug|Any CPU.Build.0 = Debug|Any CPU
		{87D74DE0-1184-43C4-8304-BC487224E002}.Release|Any CPU.ActiveCfg = Release|Any CPU
		{87D74DE0-1184-43C4-8304-BC487224E002}.Release|Any CPU.Build.0 = Release|Any CPU
		{D3B554CA-0091-41F1-BAA8-69F612D30EAC}.Debug|Any CPU.ActiveCfg = Debug|Any CPU
		{D3B554CA-0091-41F1-BAA8-69F612D30EAC}.Debug|Any CPU.Build.0 = Debug|Any CPU
		{D3B554CA-0091-41F1-BAA8-69F612D30EAC}.Release|Any CPU.ActiveCfg = Release|Any CPU
		{D3B554CA-0091-41F1-BAA8-69F612D30EAC}.Release|Any CPU.Build.0 = Release|Any CPU
		{C707BA4B-E859-4783-ADA9-F951C1ADB182}.Debug|Any CPU.ActiveCfg = Debug|Any CPU
		{C707BA4B-E859-4783-ADA9-F951C1ADB182}.Debug|Any CPU.Build.0 = Debug|Any CPU
		{C707BA4B-E859-4783-ADA9-F951C1ADB182}.Release|Any CPU.ActiveCfg = Release|Any CPU
		{C707BA4B-E859-4783-ADA9-F951C1ADB182}.Release|Any CPU.Build.0 = Release|Any CPU
		{BC8AD784-F456-4717-86E5-293CC311B5E4}.Debug|Any CPU.ActiveCfg = Debug|Any CPU
		{BC8AD784-F456-4717-86E5-293CC311B5E4}.Debug|Any CPU.Build.0 = Debug|Any CPU
		{BC8AD784-F456-4717-86E5-293CC311B5E4}.Release|Any CPU.ActiveCfg = Release|Any CPU
		{BC8AD784-F456-4717-86E5-293CC311B5E4}.Release|Any CPU.Build.0 = Release|Any CPU
	EndGlobalSection
	GlobalSection(SolutionProperties) = preSolution
		HideSolutionNode = FALSE
	EndGlobalSection
	GlobalSection(ExtensibilityGlobals) = postSolution
		SolutionGuid = {C5AA5B0A-85EF-4FFE-9DEF-CCBE437C9D5B}
	EndGlobalSection
EndGlobal
